{
    "_meta": {
        "hash": {
            "sha256": "42b57f5d9777290229eebc30d09976f7ee1f63d44fff58e43e1789779d69f22c"
        },
        "pipfile-spec": 6,
        "requires": {
            "python_version": "3.8"
        },
        "sources": [
            {
                "name": "pypi",
                "url": "https://pypi.org/simple",
                "verify_ssl": true
            }
        ]
    },
    "default": {
        "asgiref": {
            "hashes": [
                "sha256:89b2ef2247e3b562a16eef663bc0e2e703ec6468e2fa8a5cd61cd449786d4f6e",
                "sha256:9e0ce3aa93a819ba5b45120216b23878cf6e8525eb3848653452b4192b92afed"
            ],
            "markers": "python_version >= '3.7'",
            "version": "==3.7.2"
        },
        "backports.zoneinfo": {
            "hashes": [
                "sha256:17746bd546106fa389c51dbea67c8b7c8f0d14b5526a579ca6ccf5ed72c526cf",
                "sha256:1b13e654a55cd45672cb54ed12148cd33628f672548f373963b0bff67b217328",
                "sha256:1c5742112073a563c81f786e77514969acb58649bcdf6cdf0b4ed31a348d4546",
                "sha256:4a0f800587060bf8880f954dbef70de6c11bbe59c673c3d818921f042f9954a6",
                "sha256:5c144945a7752ca544b4b78c8c41544cdfaf9786f25fe5ffb10e838e19a27570",
                "sha256:7b0a64cda4145548fed9efc10322770f929b944ce5cee6c0dfe0c87bf4c0c8c9",
                "sha256:8439c030a11780786a2002261569bdf362264f605dfa4d65090b64b05c9f79a7",
                "sha256:8961c0f32cd0336fb8e8ead11a1f8cd99ec07145ec2931122faaac1c8f7fd987",
                "sha256:89a48c0d158a3cc3f654da4c2de1ceba85263fafb861b98b59040a5086259722",
                "sha256:a76b38c52400b762e48131494ba26be363491ac4f9a04c1b7e92483d169f6582",
                "sha256:da6013fd84a690242c310d77ddb8441a559e9cb3d3d59ebac9aca1a57b2e18bc",
                "sha256:e55b384612d93be96506932a786bbcde5a2db7a9e6a4bb4bffe8b733f5b9036b",
                "sha256:e81b76cace8eda1fca50e345242ba977f9be6ae3945af8d46326d776b4cf78d1",
                "sha256:e8236383a20872c0cdf5a62b554b27538db7fa1bbec52429d8d106effbaeca08",
                "sha256:f04e857b59d9d1ccc39ce2da1021d196e47234873820cbeaad210724b1ee28ac",
                "sha256:fadbfe37f74051d024037f223b8e001611eac868b5c5b06144ef4d8b799862f2"
            ],
            "markers": "python_version < '3.9'",
            "version": "==0.2.1"
        },
        "django": {
            "hashes": [
                "sha256:8e0f1c2c2786b5c0e39fe1afce24c926040fad47c8ea8ad30aaf1188df29fc41",
                "sha256:e1d37c51ad26186de355cbcec16613ebdabfa9689bbade9c538835205a8abbe9"
            ],
            "index": "pypi",
            "markers": "python_version >= '3.8'",
            "version": "==4.2.7"
        },
        "djangorestframework": {
            "hashes": [
                "sha256:579a333e6256b09489cbe0a067e66abe55c6595d8926be6b99423786334350c8",
                "sha256:eb63f58c9f218e1a7d064d17a70751f528ed4e1d35547fdade9aaf4cd103fd08"
            ],
            "index": "pypi",
            "markers": "python_version >= '3.6'",
            "version": "==3.14.0"
        },
        "gunicorn": {
            "hashes": [
                "sha256:3213aa5e8c24949e792bcacfc176fef362e7aac80b76c56f6b5122bf350722f0",
                "sha256:88ec8bff1d634f98e61b9f65bc4bf3cd918a90806c6f5c48bc5603849ec81033"
            ],
            "index": "pypi",
            "markers": "python_version >= '3.5'",
            "version": "==21.2.0"
        },
        "packaging": {
            "hashes": [
                "sha256:048fb0e9405036518eaaf48a55953c750c11e1a1b68e0dd1a9d62ed0c092cfc5",
                "sha256:8c491190033a9af7e1d931d0b5dacc2ef47509b34dd0de67ed209b5203fc88c7"
            ],
            "markers": "python_version >= '3.7'",
            "version": "==23.2"
        },
        "psycopg": {
            "extras": [
                "binary"
            ],
            "hashes": [
                "sha256:1b8e3e8d1612ea289a2684a5bf0c1f9a209549b222b6958377ce970a6e10b80c",
                "sha256:a6c03e508be0e42facb1e8581156fdc2904322fe8077ba4f298f5f0a947cb8e0"
            ],
            "markers": "python_version >= '3.7'",
            "version": "==3.1.15"
        },
        "psycopg-binary": {
            "hashes": [
                "sha256:007ec68533f530b8fdaf77cb5c7961812772f31ecc90cc9c1000f3e321621e66",
                "sha256:02de4d5240fe40c0c000b1fc072f403f2f88ff963e0fe09b4bda6caf3bdb2d32",
                "sha256:05407acf763766507e2d66473de904fc176ed3674bd0340246a80e4247ded39b",
                "sha256:076a50bc71b3f597a6fd1ec7e662b6948cd532486d4be5d107ff74dc9647be1e",
                "sha256:07c11f76a258060e047db460ac05f76ae5e09d94c10ea9f81f3f0f28b401ac0f",
                "sha256:0906a9297e057635d14687aa6cd8f783776918f1549d04d1c9bc84c0ad984d77",
                "sha256:110d3235b7147526d1d1e77ecc81c9078cc99271011078744da9184104573575",
                "sha256:1126bdfff795db17f09aa20e2ff3efeeced82b43ef0628ac92f5c1d9e4fa2482",
                "sha256:12417e4aade7549c25d34d3f256c006713db81877b44934d50afa81e11f2fce5",
                "sha256:18f5666d6f4064e454f279fbf59553f1665b81b4ababb384132682e244d85da7",
                "sha256:21f54d3778d4fd50ce7501b55a6f84ce74eb7e0bbe2725dca049a0b478e9a431",
                "sha256:2336d69180ce3d55f58fd899a47d334083e9c808e033bfe5ff43943064566e1d",
                "sha256:23c406ad98a816a75ee29673b518ec6288de5784bf9768e74f5e8a3e8b20c33b",
                "sha256:288214e81966872adbe46057a66eb76e9250f628aff2cc9e46a5fcf1da24123b",
                "sha256:2be2a61a6cb7bccba7785dfb3268381d34b4a3868437ecf41aed0751b38255d9",
                "sha256:361b0a0697b582ff019a15590063c1065f109ae207c0374f297926d5b359012b",
                "sha256:399a4a857a4aec8548fa8763d28b89c738408d0a66638019a74d92c19029421e",
                "sha256:3b02eb2bc11a41c67825d14b12e0d8f65bdaa0a9d1c792f22f6b9c97d0123a2e",
                "sha256:3b404b6e8b789039b627b3ed6a14989c70acfa044240bf94974fd3b3f9ce96c4",
                "sha256:3fd9a19784237845bfdd93c25d59c475e1ce069717470b7d6a7d928113a3743d",
                "sha256:410b4e97f617f9af58b0d41c5118d71276817ef2046d5f55c289a0d9d5696dc1",
                "sha256:456707bd6a67bc2fe466c9f0b0ed7e1e4179d98c965e4065209a83fbabc71d38",
                "sha256:4781bda7d34fe12c10f128255abfc1ead12f58a3a0aaa2bd91b4055548be519b",
                "sha256:4a8c1c0d5ff08e8b089dbd4397b9b6cf9eec676685a53d6331f45fd6112bb138",
                "sha256:4b51b3d8b955585c6fc3e3d90b09f4e481e47e28a6486c2fbad7866ddb6a5868",
                "sha256:4e0e5d48c6541a186771f1c728a8b60e1494878def584f59c59a8a29a913776c",
                "sha256:522a62f38139c6fd4122648b4eb91636a9cd888567a7712318097150f52771a1",
                "sha256:5bb9cbcc354b019ab59d92c739b55ecd654938b76b0e4174878bdaf9689060ed",
                "sha256:624921c699b278a2ec64ccb4164be491fdf178bd50c898fef18c8c6fd8989d3e",
                "sha256:666722d41389de0ab6cec5aa780548e2c60f36bda74da929f5ede6ca932dc34c",
                "sha256:699a14733709f0c08b7d4fe32abd1d0fbb67ae58675ec7d0512048bd6eadeab4",
                "sha256:716bf9cd2b4e7ac09534b875a14ea9614776c8d9036e9c56d64c05b76e0aa6b3",
                "sha256:75b49634b0f4f63f6bfb62006f3b0736ef636a2d19475dcba1b3728d8d172721",
                "sha256:773ae209449352788432f916f6e518e28c23a139a29d352810c4b21382d0f61d",
                "sha256:7836017a850c3e48ed09052c0e1348547656815dc653218645d74e5d6da0357b",
                "sha256:7bf1399084583875548e4df301e92bab00ce0ce03a2a72197c1b4f14f48d5135",
                "sha256:7e891f8d5e935c805ccf9acb5a012a3fd7032724d35022e4eba72babbd24003b",
                "sha256:8220860bb7553b37d3e50f877da7a96e487ad02e9cb996407db16b4e9b94c853",
                "sha256:83aaaa7dd3df8cab472fdf8ffa616b2bf059ba146d15a1301ca988a29330ace2",
                "sha256:8bc1a830912d43f1904e6de51f1bf3495b438158ac77e4c6446b60139d8e6d0d",
                "sha256:8d9ecf64337b6c5ba7e81ed1b46f05149d37a653e2dc9138ccd065db26252840",
                "sha256:90d8152933b84f43d48ab13c9fb6a7f59194f4879f2a0236824778165e14b97b",
                "sha256:97ab8928fa7403a17b6df76bc3337527c454a9653bd966b1eccfd3176336f909",
                "sha256:9af56d13dc6071dd627d342a3fe7302b8a290056e66bc2c1bf9e4c5e38150d78",
                "sha256:a1da944ad974c90c741e1f0139d71bab62e9603c32f4f3b3edcd766db5df88da",
                "sha256:ab7d92e7f1da609a145313ccb227f5f3d687d9aeaff4a46b5ada0395f270c09d",
                "sha256:ad609cef3bbd501a369a5ba7c72bd34e30972417f7601fd4684ee5f8b0f5cdba",
                "sha256:b265ce896527a752eee111ba780eaed6ed8ad6c2c50be45ad98099c8f1c34865",
                "sha256:ba5a495696b64eb9a9c68ffd10c33816cf51d69410e1d91f999eb93e41dc371c",
                "sha256:be50b8cee9d0910ee9c98127e70216ac2865e34715e57a5490583af90734259d",
                "sha256:c1148adc146c10ebd7432cf32324c1c977ebb4ab1a84c912dffec9b36523ab49",
                "sha256:c2f7e0fbd66e69a1c5f164c5c6c8b0b98f6e851a41ffd23ef44a0dd9ef3a175e",
                "sha256:c4a32dace67083d62adf58cb7214f0741a3bf8346e519340538035992dfd642e",
                "sha256:c75e12eeb7a48e19eb4599524e24d883150ce3ef2c6967f7aff2f8f3c73ddb7a",
                "sha256:ca0d47cd667b076f0cf7f6621100378bf8ec6717f669eb9232649dc3ce4bd6df",
                "sha256:cb368f0c40fc2e0c667197cad3529bf0bc8a20c1536a177d18890e0e7a1946b9",
                "sha256:cb9732b7b1bbd9f8f464f2478e184ccc34efca5126a2386c4e6fd752f56f1ac7",
                "sha256:cf231c921dc0dfb71cb2dab0647f9a620729276b19b724b50703663ab0ecc9a4",
                "sha256:d099a62090074f1df0aeed670a7b342ab1352b8fce21bbc5252e4e393fe840a2",
                "sha256:d3a49a4ffa8cb7bf27b5e951ea856273cc2bbd60de78707e2701deef59ff3792",
                "sha256:d8b0e31a5243f648d17d78f2405ceb08c7819a4e97bbff778ffd10a7bf1a08a1",
                "sha256:dda4250b3aad981a37a504e555b784663d0b2dda2a385631662157ce808129f1",
                "sha256:e72129c3dc41ad4aaecb49ec54ed5f9c2311c53fb9a8e3c0fc63ad0f1699295e",
                "sha256:fa6cedc562e26b55de17b7897e8bf21e01d7aea271493b8d6ef2c31f63ad7c55",
                "sha256:fe9fb4100cf8827e52d53471a8aadba284b5863842fcf7b3ae5394ab01ccb196"
            ],
            "version": "==3.1.15"
        },
        "pytz": {
            "hashes": [
                "sha256:7b4fddbeb94a1eba4b557da24f19fdf9db575192544270a9101d8509f9f43d7b",
                "sha256:ce42d816b81b68506614c11e8937d3aa9e41007ceb50bfdcb0749b921bf646c7"
            ],
            "version": "==2023.3.post1"
        },
        "sqlparse": {
            "hashes": [
                "sha256:5430a4fe2ac7d0f93e66f1efc6e1338a41884b7ddf2a350cedd20ccc4d9d28f3",
                "sha256:d446183e84b8349fa3061f0fe7f06ca94ba65b426946ffebe6e3e8295332420c"
            ],
            "markers": "python_version >= '3.5'",
            "version": "==0.4.4"
        },
        "typing-extensions": {
            "hashes": [
                "sha256:23478f88c37f27d76ac8aee6c905017a143b0b1b886c3c9f66bc2fd94f9f5783",
                "sha256:af72aea155e91adfc61c3ae9e0e342dbc0cba726d6cba4b6c72c1f34e47291cd"
            ],
            "markers": "python_version >= '3.8'",
            "version": "==4.9.0"
        }
    },
    "develop": {}
}
